// !$*UTF8*$!
{
	archiveVersion = 1;
	classes = {
	};
	objectVersion = 46;
	objects = {

/* Begin PBXBuildFile section */
		31454A681D440AA800925A2A /* AppDelegate.m in Sources */ = {isa = PBXBuildFile; fileRef = 31454A671D440AA800925A2A /* AppDelegate.m */; };
		31454A6B1D440AA800925A2A /* main.m in Sources */ = {isa = PBXBuildFile; fileRef = 31454A6A1D440AA800925A2A /* main.m */; };
		31454A6D1D440AA800925A2A /* Assets.xcassets in Resources */ = {isa = PBXBuildFile; fileRef = 31454A6C1D440AA800925A2A /* Assets.xcassets */; };
		31454A701D440AA800925A2A /* MainMenu.xib in Resources */ = {isa = PBXBuildFile; fileRef = 31454A6E1D440AA800925A2A /* MainMenu.xib */; };
		31454A7A1D440B1500925A2A /* PreferencesWindowController.m in Sources */ = {isa = PBXBuildFile; fileRef = 31454A781D440B1500925A2A /* PreferencesWindowController.m */; };
		31454A7B1D440B1500925A2A /* PreferencesWindowController.xib in Resources */ = {isa = PBXBuildFile; fileRef = 31454A791D440B1500925A2A /* PreferencesWindowController.xib */; };
		31454A7E1D440FD900925A2A /* VNCBookmark.m in Sources */ = {isa = PBXBuildFile; fileRef = 31454A7D1D440FD900925A2A /* VNCBookmark.m */; };
/* End PBXBuildFile section */

/* Begin PBXFileReference section */
		31454A631D440AA800925A2A /* SpeedDial.app */ = {isa = PBXFileReference; explicitFileType = wrapper.application; includeInIndex = 0; path = SpeedDial.app; sourceTree = BUILT_PRODUCTS_DIR; };
		31454A661D440AA800925A2A /* AppDelegate.h */ = {isa = PBXFileReference; lastKnownFileType = sourcecode.c.h; path = AppDelegate.h; sourceTree = "<group>"; };
		31454A671D440AA800925A2A /* AppDelegate.m */ = {isa = PBXFileReference; lastKnownFileType = sourcecode.c.objc; path = AppDelegate.m; sourceTree = "<group>"; };
		31454A6A1D440AA800925A2A /* main.m */ = {isa = PBXFileReference; lastKnownFileType = sourcecode.c.objc; path = main.m; sourceTree = "<group>"; };
		31454A6C1D440AA800925A2A /* Assets.xcassets */ = {isa = PBXFileReference; lastKnownFileType = folder.assetcatalog; path = Assets.xcassets; sourceTree = "<group>"; };
		31454A6F1D440AA800925A2A /* Base */ = {isa = PBXFileReference; lastKnownFileType = file.xib; name = Base; path = Base.lproj/MainMenu.xib; sourceTree = "<group>"; };
		31454A711D440AA800925A2A /* Info.plist */ = {isa = PBXFileReference; lastKnownFileType = text.plist.xml; path = Info.plist; sourceTree = "<group>"; };
		31454A771D440B1500925A2A /* PreferencesWindowController.h */ = {isa = PBXFileReference; fileEncoding = 4; lastKnownFileType = sourcecode.c.h; path = PreferencesWindowController.h; sourceTree = "<group>"; };
		31454A781D440B1500925A2A /* PreferencesWindowController.m */ = {isa = PBXFileReference; fileEncoding = 4; lastKnownFileType = sourcecode.c.objc; path = PreferencesWindowController.m; sourceTree = "<group>"; };
		31454A791D440B1500925A2A /* PreferencesWindowController.xib */ = {isa = PBXFileReference; fileEncoding = 4; lastKnownFileType = file.xib; path = PreferencesWindowController.xib; sourceTree = "<group>"; };
		31454A7C1D440FD900925A2A /* VNCBookmark.h */ = {isa = PBXFileReference; fileEncoding = 4; lastKnownFileType = sourcecode.c.h; path = VNCBookmark.h; sourceTree = "<group>"; };
		31454A7D1D440FD900925A2A /* VNCBookmark.m */ = {isa = PBXFileReference; fileEncoding = 4; lastKnownFileType = sourcecode.c.objc; path = VNCBookmark.m; sourceTree = "<group>"; };
/* End PBXFileReference section */

/* Begin PBXFrameworksBuildPhase section */
		31454A601D440AA800925A2A /* Frameworks */ = {
			isa = PBXFrameworksBuildPhase;
			buildActionMask = 2147483647;
			files = (
			);
			runOnlyForDeploymentPostprocessing = 0;
		};
/* End PBXFrameworksBuildPhase section */

/* Begin PBXGroup section */
		31454A5A1D440AA800925A2A = {
			isa = PBXGroup;
			children = (
				31454A651D440AA800925A2A /* SpeedDial */,
				31454A641D440AA800925A2A /* Products */,
			);
			sourceTree = "<group>";
		};
		31454A641D440AA800925A2A /* Products */ = {
			isa = PBXGroup;
			children = (
				31454A631D440AA800925A2A /* SpeedDial.app */,
			);
			name = Products;
			sourceTree = "<group>";
		};
		31454A651D440AA800925A2A /* SpeedDial */ = {
			isa = PBXGroup;
			children = (
				31454A661D440AA800925A2A /* AppDelegate.h */,
				31454A671D440AA800925A2A /* AppDelegate.m */,
				31454A771D440B1500925A2A /* PreferencesWindowController.h */,
				31454A781D440B1500925A2A /* PreferencesWindowController.m */,
				31454A791D440B1500925A2A /* PreferencesWindowController.xib */,
				31454A6C1D440AA800925A2A /* Assets.xcassets */,
				31454A6E1D440AA800925A2A /* MainMenu.xib */,
				31454A7C1D440FD900925A2A /* VNCBookmark.h */,
				31454A7D1D440FD900925A2A /* VNCBookmark.m */,
				31454A711D440AA800925A2A /* Info.plist */,
				31454A691D440AA800925A2A /* Supporting Files */,
			);
			path = SpeedDial;
			sourceTree = "<group>";
		};
		31454A691D440AA800925A2A /* Supporting Files */ = {
			isa = PBXGroup;
			children = (
				31454A6A1D440AA800925A2A /* main.m */,
			);
			name = "Supporting Files";
			sourceTree = "<group>";
		};
/* End PBXGroup section */

/* Begin PBXNativeTarget section */
		31454A621D440AA800925A2A /* SpeedDial */ = {
			isa = PBXNativeTarget;
			buildConfigurationList = 31454A741D440AA800925A2A /* Build configuration list for PBXNativeTarget "SpeedDial" */;
			buildPhases = (
				31454A5F1D440AA800925A2A /* Sources */,
				31454A601D440AA800925A2A /* Frameworks */,
				31454A611D440AA800925A2A /* Resources */,
			);
			buildRules = (
			);
			dependencies = (
			);
			name = SpeedDial;
			productName = SpeedDial;
			productReference = 31454A631D440AA800925A2A /* SpeedDial.app */;
			productType = "com.apple.product-type.application";
		};
/* End PBXNativeTarget section */

/* Begin PBXProject section */
		31454A5B1D440AA800925A2A /* Project object */ = {
			isa = PBXProject;
			attributes = {
				LastUpgradeCheck = 0730;
				ORGANIZATIONNAME = "Peter Hosey";
				TargetAttributes = {
					31454A621D440AA800925A2A = {
						CreatedOnToolsVersion = 7.3;
					};
				};
			};
			buildConfigurationList = 31454A5E1D440AA800925A2A /* Build configuration list for PBXProject "SpeedDial" */;
			compatibilityVersion = "Xcode 3.2";
			developmentRegion = English;
			hasScannedForEncodings = 0;
			knownRegions = (
				en,
				Base,
			);
			mainGroup = 31454A5A1D440AA800925A2A;
			productRefGroup = 31454A641D440AA800925A2A /* Products */;
			projectDirPath = "";
			projectRoot = "";
			targets = (
				31454A621D440AA800925A2A /* SpeedDial */,
			);
		};
/* End PBXProject section */

/* Begin PBXResourcesBuildPhase section */
		31454A611D440AA800925A2A /* Resources */ = {
			isa = PBXResourcesBuildPhase;
			buildActionMask = 2147483647;
			files = (
				31454A7B1D440B1500925A2A /* PreferencesWindowController.xib in Resources */,
				31454A6D1D440AA800925A2A /* Assets.xcassets in Resources */,
				31454A701D440AA800925A2A /* MainMenu.xib in Resources */,
			);
			runOnlyForDeploymentPostprocessing = 0;
		};
/* End PBXResourcesBuildPhase section */

/* Begin PBXSourcesBuildPhase section */
		31454A5F1D440AA800925A2A /* Sources */ = {
			isa = PBXSourcesBuildPhase;
			buildActionMask = 2147483647;
			files = (
				31454A6B1D440AA800925A2A /* main.m in Sources */,
				31454A7E1D440FD900925A2A /* VNCBookmark.m in Sources */,
				31454A7A1D440B1500925A2A /* PreferencesWindowController.m in Sources */,
				31454A681D440AA800925A2A /* AppDelegate.m in Sources */,
			);
			runOnlyForDeploymentPostprocessing = 0;
		};
/* End PBXSourcesBuildPhase section */

/* Begin PBXVariantGroup section */
		31454A6E1D440AA800925A2A /* MainMenu.xib */ = {
			isa = PBXVariantGroup;
			children = (
				31454A6F1D440AA800925A2A /* Base */,
			);
			name = MainMenu.xib;
			sourceTree = "<group>";
		};
/* End PBXVariantGroup section */

/* Begin XCBuildConfiguration section */
		31454A721D440AA800925A2A /* Debug */ = {
			isa = XCBuildConfiguration;
			buildSettings = {
				ALWAYS_SEARCH_USER_PATHS = NO;
				CLANG_ANALYZER_NONNULL = YES;
				CLANG_CXX_LANGUAGE_STANDARD = "gnu++0x";
				CLANG_CXX_LIBRARY = "libc++";
				CLANG_ENABLE_MODULES = YES;
				CLANG_ENABLE_OBJC_ARC = YES;
				CLANG_WARN_BOOL_CONVERSION = YES;
				CLANG_WARN_CONSTANT_CONVERSION = YES;
				CLANG_WARN_DIRECT_OBJC_ISA_USAGE = YES_ERROR;
				CLANG_WARN_EMPTY_BODY = YES;
				CLANG_WARN_ENUM_CONVERSION = YES;
				CLANG_WARN_INT_CONVERSION = YES;
				CLANG_WARN_OBJC_ROOT_CLASS = YES_ERROR;
				CLANG_WARN_UNREACHABLE_CODE = YES;
				CLANG_WARN__DUPLICATE_METHOD_MATCH = YES;
				CODE_SIGN_IDENTITY = "-";
				COPY_PHASE_STRIP = NO;
				DEBUG_INFORMATION_FORMAT = dwarf;
				ENABLE_STRICT_OBJC_MSGSEND = YES;
				ENABLE_TESTABILITY = YES;
				GCC_C_LANGUAGE_STANDARD = gnu99;
				GCC_DYNAMIC_NO_PIC = NO;
				GCC_NO_COMMON_BLOCKS = YES;
				GCC_OPTIMIZATION_LEVEL = 0;
				GCC_PREPROCESSOR_DEFINITIONS = (
					"DEBUG=1",
					"$(inherited)",
				);
				GCC_WARN_64_TO_32_BIT_CONVERSION = YES;
				GCC_WARN_ABOUT_RETURN_TYPE = YES_ERROR;
				GCC_WARN_UNDECLARED_SELECTOR = YES;
				GCC_WARN_UNINITIALIZED_AUTOS = YES_AGGRESSIVE;
				GCC_WARN_UNUSED_FUNCTION = YES;
				GCC_WARN_UNUSED_VARIABLE = YES;
				MACOSX_DEPLOYMENT_TARGET = 10.11;
				MTL_ENABLE_DEBUG_INFO = YES;
				ONLY_ACTIVE_ARCH = YES;
				SDKROOT = macosx;
			};
			name = Debug;
		};
		31454A731D440AA800925A2A /* Release */ = {
			isa = XCBuildConfiguration;
			buildSettings = {
				ALWAYS_SEARCH_USER_PATHS = NO;
				CLANG_ANALYZER_NONNULL = YES;
				CLANG_CXX_LANGUAGE_STANDARD = "gnu++0x";
				CLANG_CXX_LIBRARY = "libc++";
				CLANG_ENABLE_MODULES = YES;
				CLANG_ENABLE_OBJC_ARC = YES;
				CLANG_WARN_BOOL_CONVERSION = YES;
				CLANG_WARN_CONSTANT_CONVERSION = YES;
				CLANG_WARN_DIRECT_OBJC_ISA_USAGE = YES_ERROR;
				CLANG_WARN_EMPTY_BODY = YES;
				CLANG_WARN_ENUM_CONVERSION = YES;
				CLANG_WARN_INT_CONVERSION = YES;
				CLANG_WARN_OBJC_ROOT_CLASS = YES_ERROR;
				CLANG_WARN_UNREACHABLE_CODE = YES;
				CLANG_WARN__DUPLICATE_METHOD_MATCH = YES;
				CODE_SIGN_IDENTITY = "-";
				COPY_PHASE_STRIP = NO;
				DEBUG_INFORMATION_FORMAT = "dwarf-with-dsym";
				ENABLE_NS_ASSERTIONS = NO;
				ENABLE_STRICT_OBJC_MSGSEND = YES;
				GCC_C_LANGUAGE_STANDARD = gnu99;
				GCC_NO_COMMON_BLOCKS = YES;
				GCC_WARN_64_TO_32_BIT_CONVERSION = YES;
				GCC_WARN_ABOUT_RETURN_TYPE = YES_ERROR;
				GCC_WARN_UNDECLARED_SELECTOR = YES;
				GCC_WARN_UNINITIALIZED_AUTOS = YES_AGGRESSIVE;
				GCC_WARN_UNUSED_FUNCTION = YES;
				GCC_WARN_UNUSED_VARIABLE = YES;
				MACOSX_DEPLOYMENT_TARGET = 10.11;
				MTL_ENABLE_DEBUG_INFO = NO;
				SDKROOT = macosx;
			};
			name = Release;
		};
		31454A751D440AA800925A2A /* Debug */ = {
			isa = XCBuildConfiguration;
			buildSettings = {
				ASSETCATALOG_COMPILER_APPICON_NAME = AppIcon;
				COMBINE_HIDPI_IMAGES = YES;
				INFOPLIST_FILE = SpeedDial/Info.plist;
				LD_RUNPATH_SEARCH_PATHS = "$(inherited) @executable_path/../Frameworks";
				PRODUCT_BUNDLE_IDENTIFIER = org.boredzo.SpeedDial;
				PRODUCT_NAME = "$(TARGET_NAME)";
			};
			name = Debug;
		};
		31454A761D440AA800925A2A /* Release */ = {
			isa = XCBuildConfiguration;
			buildSettings = {
				ASSETCATALOG_COMPILER_APPICON_NAME = AppIcon;
				COMBINE_HIDPI_IMAGES = YES;
				INFOPLIST_FILE = SpeedDial/Info.plist;
				LD_RUNPATH_SEARCH_PATHS = "$(inherited) @executable_path/../Frameworks";
				PRODUCT_BUNDLE_IDENTIFIER = org.boredzo.SpeedDial;
				PRODUCT_NAME = "$(TARGET_NAME)";
			};
			name = Release;
		};
/* End XCBuildConfiguration section */

/* Begin XCConfigurationList section */
		31454A5E1D440AA800925A2A /* Build configuration list for PBXProject "SpeedDial" */ = {
			isa = XCConfigurationList;
			buildConfigurations = (
				31454A721D440AA800925A2A /* Debug */,
				31454A731D440AA800925A2A /* Release */,
			);
			defaultConfigurationIsVisible = 0;
			defaultConfigurationName = Release;
		};
		31454A741D440AA800925A2A /* Build configuration list for PBXNativeTarget "SpeedDial" */ = {
			isa = XCConfigurationList;
			buildConfigurations = (
				31454A751D440AA800925A2A /* Debug */,
				31454A761D440AA800925A2A /* Release */,
			);
			defaultConfigurationIsVisible = 0;
		};
/* End XCConfigurationList section */
	};
	rootObject = 31454A5B1D440AA800925A2A /* Project object */;
}
